
Microsoft Visual Studio Solution File, Format Version 12.00
# Visual Studio 15
VisualStudioVersion = 15.0.28307.539
MinimumVisualStudioVersion = 10.0.40219.1
Project("{FAE04EC0-301F-11D3-BF4B-00C04F79EFBC}") = "Simulated Data Stream .NET", "Simulated Data Stream .NET\Simulated Data Stream .NET.csproj", "{AA6F1A7A-7004-492E-AC7F-0047D94A4226}"
EndProject
Global
	GlobalSection(SolutionConfigurationPlatforms) = preSolution
		Debug|Any CPU = Debug|Any CPU
		Release|Any CPU = Release|Any CPU
	EndGlobalSection
	GlobalSection(ProjectConfigurationPlatforms) = postSolution
		{AA6F1A7A-7004-492E-AC7F-0047D94A4226}.Debug|Any CPU.ActiveCfg = Debug|Any CPU
		{AA6F1A7A-7004-492E-AC7F-0047D94A4226}.Debug|Any CPU.Build.0 = Debug|Any CPU
		{AA6F1A7A-7004-492E-AC7F-0047D94A4226}.Release|Any CPU.ActiveCfg = Release|Any CPU
		{AA6F1A7A-7004-492E-AC7F-0047D94A4226}.Release|Any CPU.Build.0 = Release|Any CPU
	EndGlobalSection
	GlobalSection(SolutionProperties) = preSolution
		HideSolutionNode = FALSE
	EndGlobalSection
	GlobalSection(ExtensibilityGlobals) = postSolution
		SolutionGuid = {73A88BB3-BD59-4E24-8771-BDFD8265EF27}
	EndGlobalSection
EndGlobal
